
Microsoft Visual Studio Solution File, Format Version 12.00
# Visual Studio 15
VisualStudioVersion = 15.0.28307.168
MinimumVisualStudioVersion = 10.0.40219.1
Project("{FAE04EC0-301F-11D3-BF4B-00C04F79EFBC}") = "Assignment", "Assignment\Assignment.csproj", "{2B9E4384-7A02-44CC-9B31-6E7C4098A70A}"
EndProject
Global
	GlobalSection(SolutionConfigurationPlatforms) = preSolution
		Debug|Any CPU = Debug|Any CPU
		Release|Any CPU = Release|Any CPU
	EndGlobalSection
	GlobalSection(ProjectConfigurationPlatforms) = postSolution
		{2B9E4384-7A02-44CC-9B31-6E7C4098A70A}.Debug|Any CPU.ActiveCfg = Debug|Any CPU
		{2B9E4384-7A02-44CC-9B31-6E7C4098A70A}.Debug|Any CPU.Build.0 = Debug|Any CPU
		{2B9E4384-7A02-44CC-9B31-6E7C4098A70A}.Release|Any CPU.ActiveCfg = Release|Any CPU
		{2B9E4384-7A02-44CC-9B31-6E7C4098A70A}.Release|Any CPU.Build.0 = Release|Any CPU
	EndGlobalSection
	GlobalSection(SolutionProperties) = preSolution
		HideSolutionNode = FALSE
	EndGlobalSection
	GlobalSection(ExtensibilityGlobals) = postSolution
		SolutionGuid = {44D13E07-5668-44B2-B364-62938C28DB9F}
	EndGlobalSection
EndGlobal
